
Microsoft Visual Studio Solution File, Format Version 12.00
# Visual Studio Version 17
VisualStudioVersion = 17.5.002.0
MinimumVisualStudioVersion = 10.0.40219.1
Project("{9A19103F-16F7-4668-BE54-9A1E7A4F7556}") = "Task1", "Task1\Task1.csproj", "{3C7785AE-7427-45CF-B2F1-FDB97BCAF76F}"
EndProject
Project("{FAE04EC0-301F-11D3-BF4B-00C04F79EFBC}") = "task2", "task2\task2.csproj", "{11CA21AD-B85F-4030-A71A-28A783356297}"
EndProject
Project("{FAE04EC0-301F-11D3-BF4B-00C04F79EFBC}") = "Task3", "Task3\Task3.csproj", "{37CA9451-BA03-4E6D-AB1A-01DF8FDAE490}"
EndProject
Global
	GlobalSection(SolutionConfigurationPlatforms) = preSolution
		Debug|Any CPU = Debug|Any CPU
		Release|Any CPU = Release|Any CPU
	EndGlobalSection
	GlobalSection(ProjectConfigurationPlatforms) = postSolution
		{3C7785AE-7427-45CF-B2F1-FDB97BCAF76F}.Debug|Any CPU.ActiveCfg = Debug|Any CPU
		{3C7785AE-7427-45CF-B2F1-FDB97BCAF76F}.Debug|Any CPU.Build.0 = Debug|Any CPU
		{3C7785AE-7427-45CF-B2F1-FDB97BCAF76F}.Release|Any CPU.ActiveCfg = Release|Any CPU
		{3C7785AE-7427-45CF-B2F1-FDB97BCAF76F}.Release|Any CPU.Build.0 = Release|Any CPU
		{11CA21AD-B85F-4030-A71A-28A783356297}.Debug|Any CPU.ActiveCfg = Debug|Any CPU
		{11CA21AD-B85F-4030-A71A-28A783356297}.Debug|Any CPU.Build.0 = Debug|Any CPU
		{11CA21AD-B85F-4030-A71A-28A783356297}.Release|Any CPU.ActiveCfg = Release|Any CPU
		{11CA21AD-B85F-4030-A71A-28A783356297}.Release|Any CPU.Build.0 = Release|Any CPU
		{37CA9451-BA03-4E6D-AB1A-01DF8FDAE490}.Debug|Any CPU.ActiveCfg = Debug|Any CPU
		{37CA9451-BA03-4E6D-AB1A-01DF8FDAE490}.Debug|Any CPU.Build.0 = Debug|Any CPU
		{37CA9451-BA03-4E6D-AB1A-01DF8FDAE490}.Release|Any CPU.ActiveCfg = Release|Any CPU
		{37CA9451-BA03-4E6D-AB1A-01DF8FDAE490}.Release|Any CPU.Build.0 = Release|Any CPU
	EndGlobalSection
	GlobalSection(SolutionProperties) = preSolution
		HideSolutionNode = FALSE
	EndGlobalSection
	GlobalSection(ExtensibilityGlobals) = postSolution
		SolutionGuid = {D7D6AE11-E757-49EB-9B83-3B7F9127F7FC}
	EndGlobalSection
EndGlobal
